// !$*UTF8*$!
{
	archiveVersion = 1;
	classes = {
	};
	objectVersion = 50;
	objects = {

/* Begin PBXBuildFile section */
		540D7F6121003BFA00F18463 /* AppDelegate.swift in Sources */ = {isa = PBXBuildFile; fileRef = 540D7F6021003BFA00F18463 /* AppDelegate.swift */; };
		540D7F6321003BFA00F18463 /* CheckListViewController.swift in Sources */ = {isa = PBXBuildFile; fileRef = 540D7F6221003BFA00F18463 /* CheckListViewController.swift */; };
		540D7F6621003BFA00F18463 /* Main.storyboard in Resources */ = {isa = PBXBuildFile; fileRef = 540D7F6421003BFA00F18463 /* Main.storyboard */; };
		540D7F6821003BFB00F18463 /* Assets.xcassets in Resources */ = {isa = PBXBuildFile; fileRef = 540D7F6721003BFB00F18463 /* Assets.xcassets */; };
		540D7F6B21003BFB00F18463 /* LaunchScreen.storyboard in Resources */ = {isa = PBXBuildFile; fileRef = 540D7F6921003BFB00F18463 /* LaunchScreen.storyboard */; };
		540D7F732100584000F18463 /* CheckListItem.swift in Sources */ = {isa = PBXBuildFile; fileRef = 540D7F722100584000F18463 /* CheckListItem.swift */; };
		54E85AF7210081550071B3A5 /* ItemDetailView.swift in Sources */ = {isa = PBXBuildFile; fileRef = 54E85AF6210081550071B3A5 /* ItemDetailView.swift */; };
/* End PBXBuildFile section */

/* Begin PBXFileReference section */
		540D7F5D21003BFA00F18463 /* CheckListApp.app */ = {isa = PBXFileReference; explicitFileType = wrapper.application; includeInIndex = 0; path = CheckListApp.app; sourceTree = BUILT_PRODUCTS_DIR; };
		540D7F6021003BFA00F18463 /* AppDelegate.swift */ = {isa = PBXFileReference; lastKnownFileType = sourcecode.swift; path = AppDelegate.swift; sourceTree = "<group>"; };
		540D7F6221003BFA00F18463 /* CheckListViewController.swift */ = {isa = PBXFileReference; lastKnownFileType = sourcecode.swift; path = CheckListViewController.swift; sourceTree = "<group>"; };
		540D7F6521003BFA00F18463 /* Base */ = {isa = PBXFileReference; lastKnownFileType = file.storyboard; name = Base; path = Base.lproj/Main.storyboard; sourceTree = "<group>"; };
		540D7F6721003BFB00F18463 /* Assets.xcassets */ = {isa = PBXFileReference; lastKnownFileType = folder.assetcatalog; path = Assets.xcassets; sourceTree = "<group>"; };
		540D7F6A21003BFB00F18463 /* Base */ = {isa = PBXFileReference; lastKnownFileType = file.storyboard; name = Base; path = Base.lproj/LaunchScreen.storyboard; sourceTree = "<group>"; };
		540D7F6C21003BFB00F18463 /* Info.plist */ = {isa = PBXFileReference; lastKnownFileType = text.plist.xml; path = Info.plist; sourceTree = "<group>"; };
		540D7F722100584000F18463 /* CheckListItem.swift */ = {isa = PBXFileReference; lastKnownFileType = sourcecode.swift; path = CheckListItem.swift; sourceTree = "<group>"; };
		54E85AF6210081550071B3A5 /* ItemDetailView.swift */ = {isa = PBXFileReference; lastKnownFileType = sourcecode.swift; path = ItemDetailView.swift; sourceTree = "<group>"; };
/* End PBXFileReference section */

/* Begin PBXFrameworksBuildPhase section */
		540D7F5A21003BFA00F18463 /* Frameworks */ = {
			isa = PBXFrameworksBuildPhase;
			buildActionMask = 2147483647;
			files = (
			);
			runOnlyForDeploymentPostprocessing = 0;
		};
/* End PBXFrameworksBuildPhase section */

/* Begin PBXGroup section */
		540D7F5421003BFA00F18463 = {
			isa = PBXGroup;
			children = (
				540D7F5F21003BFA00F18463 /* CheckListApp */,
				540D7F5E21003BFA00F18463 /* Products */,
			);
			sourceTree = "<group>";
		};
		540D7F5E21003BFA00F18463 /* Products */ = {
			isa = PBXGroup;
			children = (
				540D7F5D21003BFA00F18463 /* CheckListApp.app */,
			);
			name = Products;
			sourceTree = "<group>";
		};
		540D7F5F21003BFA00F18463 /* CheckListApp */ = {
			isa = PBXGroup;
			children = (
				540D7F6021003BFA00F18463 /* AppDelegate.swift */,
				540D7F6221003BFA00F18463 /* CheckListViewController.swift */,
				540D7F722100584000F18463 /* CheckListItem.swift */,
				54E85AF6210081550071B3A5 /* ItemDetailView.swift */,
				540D7F6421003BFA00F18463 /* Main.storyboard */,
				540D7F6721003BFB00F18463 /* Assets.xcassets */,
				540D7F6921003BFB00F18463 /* LaunchScreen.storyboard */,
				540D7F6C21003BFB00F18463 /* Info.plist */,
			);
			path = CheckListApp;
			sourceTree = "<group>";
		};
/* End PBXGroup section */

/* Begin PBXNativeTarget section */
		540D7F5C21003BFA00F18463 /* CheckListApp */ = {
			isa = PBXNativeTarget;
			buildConfigurationList = 540D7F6F21003BFB00F18463 /* Build configuration list for PBXNativeTarget "CheckListApp" */;
			buildPhases = (
				540D7F5921003BFA00F18463 /* Sources */,
				540D7F5A21003BFA00F18463 /* Frameworks */,
				540D7F5B21003BFA00F18463 /* Resources */,
			);
			buildRules = (
			);
			dependencies = (
			);
			name = CheckListApp;
			productName = CheckListApp;
			productReference = 540D7F5D21003BFA00F18463 /* CheckListApp.app */;
			productType = "com.apple.product-type.application";
		};
/* End PBXNativeTarget section */

/* Begin PBXProject section */
		540D7F5521003BFA00F18463 /* Project object */ = {
			isa = PBXProject;
			attributes = {
				LastSwiftUpdateCheck = 0940;
				LastUpgradeCheck = 0940;
				ORGANIZATIONNAME = ngtkn;
				TargetAttributes = {
					540D7F5C21003BFA00F18463 = {
						CreatedOnToolsVersion = 9.4.1;
					};
				};
			};
			buildConfigurationList = 540D7F5821003BFA00F18463 /* Build configuration list for PBXProject "CheckListApp" */;
			compatibilityVersion = "Xcode 9.3";
			developmentRegion = en;
			hasScannedForEncodings = 0;
			knownRegions = (
				en,
				Base,
			);
			mainGroup = 540D7F5421003BFA00F18463;
			productRefGroup = 540D7F5E21003BFA00F18463 /* Products */;
			projectDirPath = "";
			projectRoot = "";
			targets = (
				540D7F5C21003BFA00F18463 /* CheckListApp */,
			);
		};
/* End PBXProject section */

/* Begin PBXResourcesBuildPhase section */
		540D7F5B21003BFA00F18463 /* Resources */ = {
			isa = PBXResourcesBuildPhase;
			buildActionMask = 2147483647;
			files = (
				540D7F6B21003BFB00F18463 /* LaunchScreen.storyboard in Resources */,
				540D7F6821003BFB00F18463 /* Assets.xcassets in Resources */,
				540D7F6621003BFA00F18463 /* Main.storyboard in Resources */,
			);
			runOnlyForDeploymentPostprocessing = 0;
		};
/* End PBXResourcesBuildPhase section */

/* Begin PBXSourcesBuildPhase section */
		540D7F5921003BFA00F18463 /* Sources */ = {
			isa = PBXSourcesBuildPhase;
			buildActionMask = 2147483647;
			files = (
				54E85AF7210081550071B3A5 /* ItemDetailView.swift in Sources */,
				540D7F732100584000F18463 /* CheckListItem.swift in Sources */,
				540D7F6321003BFA00F18463 /* CheckListViewController.swift in Sources */,
				540D7F6121003BFA00F18463 /* AppDelegate.swift in Sources */,
			);
			runOnlyForDeploymentPostprocessing = 0;
		};
/* End PBXSourcesBuildPhase section */

/* Begin PBXVariantGroup section */
		540D7F6421003BFA00F18463 /* Main.storyboard */ = {
			isa = PBXVariantGroup;
			children = (
				540D7F6521003BFA00F18463 /* Base */,
			);
			name = Main.storyboard;
			sourceTree = "<group>";
		};
		540D7F6921003BFB00F18463 /* LaunchScreen.storyboard */ = {
			isa = PBXVariantGroup;
			children = (
				540D7F6A21003BFB00F18463 /* Base */,
			);
			name = LaunchScreen.storyboard;
			sourceTree = "<group>";
		};
/* End PBXVariantGroup section */

/* Begin XCBuildConfiguration section */
		540D7F6D21003BFB00F18463 /* Debug */ = {
			isa = XCBuildConfiguration;
			buildSettings = {
				ALWAYS_SEARCH_USER_PATHS = NO;
				CLANG_ANALYZER_NONNULL = YES;
				CLANG_ANALYZER_NUMBER_OBJECT_CONVERSION = YES_AGGRESSIVE;
				CLANG_CXX_LANGUAGE_STANDARD = "gnu++14";
				CLANG_CXX_LIBRARY = "libc++";
				CLANG_ENABLE_MODULES = YES;
				CLANG_ENABLE_OBJC_ARC = YES;
				CLANG_ENABLE_OBJC_WEAK = YES;
				CLANG_WARN_BLOCK_CAPTURE_AUTORELEASING = YES;
				CLANG_WARN_BOOL_CONVERSION = YES;
				CLANG_WARN_COMMA = YES;
				CLANG_WARN_CONSTANT_CONVERSION = YES;
				CLANG_WARN_DEPRECATED_OBJC_IMPLEMENTATIONS = YES;
				CLANG_WARN_DIRECT_OBJC_ISA_USAGE = YES_ERROR;
				CLANG_WARN_DOCUMENTATION_COMMENTS = YES;
				CLANG_WARN_EMPTY_BODY = YES;
				CLANG_WARN_ENUM_CONVERSION = YES;
				CLANG_WARN_INFINITE_RECURSION = YES;
				CLANG_WARN_INT_CONVERSION = YES;
				CLANG_WARN_NON_LITERAL_NULL_CONVERSION = YES;
				CLANG_WARN_OBJC_IMPLICIT_RETAIN_SELF = YES;
				CLANG_WARN_OBJC_LITERAL_CONVERSION = YES;
				CLANG_WARN_OBJC_ROOT_CLASS = YES_ERROR;
				CLANG_WARN_RANGE_LOOP_ANALYSIS = YES;
				CLANG_WARN_STRICT_PROTOTYPES = YES;
				CLANG_WARN_SUSPICIOUS_MOVE = YES;
				CLANG_WARN_UNGUARDED_AVAILABILITY = YES_AGGRESSIVE;
				CLANG_WARN_UNREACHABLE_CODE = YES;
				CLANG_WARN__DUPLICATE_METHOD_MATCH = YES;
				CODE_SIGN_IDENTITY = "iPhone Developer";
				COPY_PHASE_STRIP = NO;
				DEBUG_INFORMATION_FORMAT = dwarf;
				ENABLE_STRICT_OBJC_MSGSEND = YES;
				ENABLE_TESTABILITY = YES;
				GCC_C_LANGUAGE_STANDARD = gnu11;
				GCC_DYNAMIC_NO_PIC = NO;
				GCC_NO_COMMON_BLOCKS = YES;
				GCC_OPTIMIZATION_LEVEL = 0;
				GCC_PREPROCESSOR_DEFINITIONS = (
					"DEBUG=1",
					"$(inherited)",
				);
				GCC_WARN_64_TO_32_BIT_CONVERSION = YES;
				GCC_WARN_ABOUT_RETURN_TYPE = YES_ERROR;
				GCC_WARN_UNDECLARED_SELECTOR = YES;
				GCC_WARN_UNINITIALIZED_AUTOS = YES_AGGRESSIVE;
				GCC_WARN_UNUSED_FUNCTION = YES;
				GCC_WARN_UNUSED_VARIABLE = YES;
				IPHONEOS_DEPLOYMENT_TARGET = 11.4;
				MTL_ENABLE_DEBUG_INFO = YES;
				ONLY_ACTIVE_ARCH = YES;
				SDKROOT = iphoneos;
				SWIFT_ACTIVE_COMPILATION_CONDITIONS = DEBUG;
				SWIFT_OPTIMIZATION_LEVEL = "-Onone";
			};
			name = Debug;
		};
		540D7F6E21003BFB00F18463 /* Release */ = {
			isa = XCBuildConfiguration;
			buildSettings = {
				ALWAYS_SEARCH_USER_PATHS = NO;
				CLANG_ANALYZER_NONNULL = YES;
				CLANG_ANALYZER_NUMBER_OBJECT_CONVERSION = YES_AGGRESSIVE;
				CLANG_CXX_LANGUAGE_STANDARD = "gnu++14";
				CLANG_CXX_LIBRARY = "libc++";
				CLANG_ENABLE_MODULES = YES;
				CLANG_ENABLE_OBJC_ARC = YES;
				CLANG_ENABLE_OBJC_WEAK = YES;
				CLANG_WARN_BLOCK_CAPTURE_AUTORELEASING = YES;
				CLANG_WARN_BOOL_CONVERSION = YES;
				CLANG_WARN_COMMA = YES;
				CLANG_WARN_CONSTANT_CONVERSION = YES;
				CLANG_WARN_DEPRECATED_OBJC_IMPLEMENTATIONS = YES;
				CLANG_WARN_DIRECT_OBJC_ISA_USAGE = YES_ERROR;
				CLANG_WARN_DOCUMENTATION_COMMENTS = YES;
				CLANG_WARN_EMPTY_BODY = YES;
				CLANG_WARN_ENUM_CONVERSION = YES;
				CLANG_WARN_INFINITE_RECURSION = YES;
				CLANG_WARN_INT_CONVERSION = YES;
				CLANG_WARN_NON_LITERAL_NULL_CONVERSION = YES;
				CLANG_WARN_OBJC_IMPLICIT_RETAIN_SELF = YES;
				CLANG_WARN_OBJC_LITERAL_CONVERSION = YES;
				CLANG_WARN_OBJC_ROOT_CLASS = YES_ERROR;
				CLANG_WARN_RANGE_LOOP_ANALYSIS = YES;
				CLANG_WARN_STRICT_PROTOTYPES = YES;
				CLANG_WARN_SUSPICIOUS_MOVE = YES;
				CLANG_WARN_UNGUARDED_AVAILABILITY = YES_AGGRESSIVE;
				CLANG_WARN_UNREACHABLE_CODE = YES;
				CLANG_WARN__DUPLICATE_METHOD_MATCH = YES;
				CODE_SIGN_IDENTITY = "iPhone Developer";
				COPY_PHASE_STRIP = NO;
				DEBUG_INFORMATION_FORMAT = "dwarf-with-dsym";
				ENABLE_NS_ASSERTIONS = NO;
				ENABLE_STRICT_OBJC_MSGSEND = YES;
				GCC_C_LANGUAGE_STANDARD = gnu11;
				GCC_NO_COMMON_BLOCKS = YES;
				GCC_WARN_64_TO_32_BIT_CONVERSION = YES;
				GCC_WARN_ABOUT_RETURN_TYPE = YES_ERROR;
				GCC_WARN_UNDECLARED_SELECTOR = YES;
				GCC_WARN_UNINITIALIZED_AUTOS = YES_AGGRESSIVE;
				GCC_WARN_UNUSED_FUNCTION = YES;
				GCC_WARN_UNUSED_VARIABLE = YES;
				IPHONEOS_DEPLOYMENT_TARGET = 11.4;
				MTL_ENABLE_DEBUG_INFO = NO;
				SDKROOT = iphoneos;
				SWIFT_COMPILATION_MODE = wholemodule;
				SWIFT_OPTIMIZATION_LEVEL = "-O";
				VALIDATE_PRODUCT = YES;
			};
			name = Release;
		};
		540D7F7021003BFB00F18463 /* Debug */ = {
			isa = XCBuildConfiguration;
			buildSettings = {
				ASSETCATALOG_COMPILER_APPICON_NAME = AppIcon;
				CODE_SIGN_STYLE = Automatic;
				INFOPLIST_FILE = CheckListApp/Info.plist;
				LD_RUNPATH_SEARCH_PATHS = (
					"$(inherited)",
					"@executable_path/Frameworks",
				);
				PRODUCT_BUNDLE_IDENTIFIER = com.ngtkn.CheckListApp;
				PRODUCT_NAME = "$(TARGET_NAME)";
				SWIFT_VERSION = 4.0;
				TARGETED_DEVICE_FAMILY = "1,2";
			};
			name = Debug;
		};
		540D7F7121003BFB00F18463 /* Release */ = {
			isa = XCBuildConfiguration;
			buildSettings = {
				ASSETCATALOG_COMPILER_APPICON_NAME = AppIcon;
				CODE_SIGN_STYLE = Automatic;
				INFOPLIST_FILE = CheckListApp/Info.plist;
				LD_RUNPATH_SEARCH_PATHS = (
					"$(inherited)",
					"@executable_path/Frameworks",
				);
				PRODUCT_BUNDLE_IDENTIFIER = com.ngtkn.CheckListApp;
				PRODUCT_NAME = "$(TARGET_NAME)";
				SWIFT_VERSION = 4.0;
				TARGETED_DEVICE_FAMILY = "1,2";
			};
			name = Release;
		};
/* End XCBuildConfiguration section */

/* Begin XCConfigurationList section */
		540D7F5821003BFA00F18463 /* Build configuration list for PBXProject "CheckListApp" */ = {
			isa = XCConfigurationList;
			buildConfigurations = (
				540D7F6D21003BFB00F18463 /* Debug */,
				540D7F6E21003BFB00F18463 /* Release */,
			);
			defaultConfigurationIsVisible = 0;
			defaultConfigurationName = Release;
		};
		540D7F6F21003BFB00F18463 /* Build configuration list for PBXNativeTarget "CheckListApp" */ = {
			isa = XCConfigurationList;
			buildConfigurations = (
				540D7F7021003BFB00F18463 /* Debug */,
				540D7F7121003BFB00F18463 /* Release */,
			);
			defaultConfigurationIsVisible = 0;
			defaultConfigurationName = Release;
		};
/* End XCConfigurationList section */
	};
	rootObject = 540D7F5521003BFA00F18463 /* Project object */;
}
